{
  "version": 4,
  "terraform_version": "1.8.1",
  "serial": 468,
  "lineage": "5fec7ec4-0d31-0ad1-4528-07649efc5cb6",
  "outputs": {
    "app_name": {
      "value": "redn-azd-dev3-as",
      "type": "string"
    },
    "location": {
      "value": "switzerlandnorth",
      "type": "string"
    },
    "rg": {
      "value": "redn-azd-dev3-rg",
      "type": "string"
    },
    "sb_pagepublishing_connection_string": {
      "value": "Endpoint=sb://redn-azd-dev3-bus.servicebus.windows.net/;SharedAccessKeyName=RootManageSharedAccessKey;SharedAccessKey=S8ku0VK8cPKpzj4f9zBOkSES7jnE2iZkW+ASbMprvM8=",
      "type": "string",
      "sensitive": true
    },
    "sb_pagepublishing_queue_name": {
      "value": "news",
      "type": "string"
    }
  },
  "resources": [
    {
      "mode": "data",
      "type": "azurerm_client_config",
      "name": "current",
      "provider": "provider[\"registry.terraform.io/hashicorp/azurerm\"]",
      "instances": [
        {
          "schema_version": 0,
          "attributes": {
            "client_id": "04b07795-8ddb-461a-bbee-02f9e1bf7b46",
            "id": "Y2xpZW50Q29uZmlncy9jbGllbnRJZD0wNGIwNzc5NS04ZGRiLTQ2MWEtYmJlZS0wMmY5ZTFiZjdiNDY7b2JqZWN0SWQ9NDYyNWYxZTAtYTQxOC00NTJhLWE3OWYtM2M2MjkwYzM5MzM0O3N1YnNjcmlwdGlvbklkPWJmNDA4MTE1LWE5YjUtNDliZi1hNDk3LTI0MTEyNDY1YTMxOTt0ZW5hbnRJZD1hZjcyMjdiMS1hYzNhLTQ0ODctOWU5Zi1iYTQ2MmJiNDA5ZDQ=",
            "object_id": "4625f1e0-a418-452a-a79f-3c6290c39334",
            "subscription_id": "bf408115-a9b5-49bf-a497-24112465a319",
            "tenant_id": "af7227b1-ac3a-4487-9e9f-ba462bb409d4",
            "timeouts": null
          },
          "sensitive_attributes": []
        }
      ]
    },
    {
      "mode": "data",
      "type": "azurerm_managed_api",
      "name": "managed_api_sb",
      "provider": "provider[\"registry.terraform.io/hashicorp/azurerm\"]",
      "instances": [
        {
          "schema_version": 0,
          "attributes": {
            "id": "/subscriptions/bf408115-a9b5-49bf-a497-24112465a319/providers/Microsoft.Web/locations/switzerlandnorth/managedApis/servicebus",
            "location": "switzerlandnorth",
            "name": "servicebus",
            "tags": {},
            "timeouts": null
          },
          "sensitive_attributes": []
        }
      ]
    },
    {
      "mode": "data",
      "type": "azurerm_managed_api",
      "name": "managed_api_spo",
      "provider": "provider[\"registry.terraform.io/hashicorp/azurerm\"]",
      "instances": [
        {
          "schema_version": 0,
          "attributes": {
            "id": "/subscriptions/bf408115-a9b5-49bf-a497-24112465a319/providers/Microsoft.Web/locations/switzerlandnorth/managedApis/sharepointonline",
            "location": "switzerlandnorth",
            "name": "sharepointonline",
            "tags": {},
            "timeouts": null
          },
          "sensitive_attributes": []
        }
      ]
    },
    {
      "mode": "data",
      "type": "azurerm_subscription",
      "name": "sub",
      "provider": "provider[\"registry.terraform.io/hashicorp/azurerm\"]",
      "instances": [
        {
          "schema_version": 0,
          "attributes": {
            "display_name": "redn-test-sub",
            "id": "/subscriptions/bf408115-a9b5-49bf-a497-24112465a319",
            "location_placement_id": "Public_2014-09-01",
            "quota_id": "EnterpriseAgreement_2014-09-01",
            "spending_limit": "Off",
            "state": "Enabled",
            "subscription_id": "bf408115-a9b5-49bf-a497-24112465a319",
            "tags": {
              "AppID": "REDN",
              "CostUnit": "O.1.00.14.8688",
              "Domain": "WCC",
              "FeatureTeamID": "starkindustries",
              "ITOwner": "starkindustries@mobi.ch",
              "ManagedBy": "CLZ"
            },
            "tenant_id": "af7227b1-ac3a-4487-9e9f-ba462bb409d4",
            "timeouts": null
          },
          "sensitive_attributes": []
        }
      ]
    },
    {
      "mode": "managed",
      "type": "azapi_resource",
      "name": "newswatcher_lapp",
      "provider": "provider[\"registry.terraform.io/azure/azapi\"]",
      "instances": [
        {
          "schema_version": 1,
          "attributes": {
            "body": {
              "value": "{\"properties\":{\"definition\":{\"$schema\":\"https://schema.management.azure.com/providers/Microsoft.Logic/schemas/2016-06-01/workflowdefinition.json#\",\"actions\":{\"Condition_Main_Version_and_Page_is_a_News\":{\"actions\":{\"Apply_to_each_RTNews_but_just_one_in_fact\":{\"actions\":{\"Determine_if_it_is_an_update_or_an_unpublishing_request\":{\"actions\":{\"Set_variable_varServiceBusRequestType_to_unpublish\":{\"inputs\":{\"name\":\"varServiceBusRequestType\",\"value\":\"X\"},\"runAfter\":{},\"type\":\"SetVariable\"}},\"else\":{\"actions\":{\"Set_variable_varServiceBusRequestType_to_update\":{\"inputs\":{\"name\":\"varServiceBusRequestType\",\"value\":\"U\"},\"runAfter\":{},\"type\":\"SetVariable\"}}},\"expression\":{\"and\":[{\"equals\":[\"@triggerBody()?['REDN_Unpublish']\",true]}]},\"runAfter\":{\"Set_variable_varRTNewsExists_to_true\":[\"Succeeded\"]},\"type\":\"If\"},\"Send_message_to_news_service_bus_update_item_is_here\":{\"inputs\":{\"body\":{\"ContentData\":\"@{base64('*')}\",\"ContentType\":\"application/json\",\"Properties\":{\"@{variables('varServiceBusRequestType')}\":\"@items('Apply_to_each_RTNews_but_just_one_in_fact')['ID']\"}},\"host\":{\"connection\":{\"name\":\"@parameters('$connections')['servicebus']['connectionId']\"}},\"method\":\"post\",\"path\":\"/@{encodeURIComponent(encodeURIComponent('news'))}/messages\",\"queries\":{\"systemProperties\":\"None\"}},\"runAfter\":{\"Determine_if_it_is_an_update_or_an_unpublishing_request\":[\"Succeeded\"]},\"type\":\"ApiConnection\"},\"Set_variable_varRTNewsExists_to_true\":{\"inputs\":{\"name\":\"varRTNewsExists\",\"value\":true},\"runAfter\":{},\"type\":\"SetVariable\"},\"Update_item\":{\"inputs\":{\"body\":{\"REDN_Channels\":\"@variables('varChannels')\",\"REDN_ImageUrl\":\"@triggerBody()?['BannerImageUrl']\",\"REDN_Keywords\":\"@variables('varKeywords')\",\"REDN_LangCd\":\"@variables('varItemLanguage')\",\"REDN_Locations\":\"@variables('varLocations')\",\"REDN_NewsHeader\":\"@triggerBody()?['REDN_Lead']\",\"REDN_NewsTitle\":\"@variables('varNewsTitle')\",\"REDN_NewsUrl\":\"@variables('varItemUrl')\",\"REDN_PageName\":\"@{uriComponent(variables('varFileNameWithExt'))}\",\"REDN_PubFrom\":\"@triggerBody()?['REDN_PubFrom']\",\"REDN_PubTo\":\"@triggerBody()?['REDN_PubTo']\",\"REDN_Sticky\":\"@triggerBody()?['REDN_Sticky']\",\"REDN_StickyDate\":\"@triggerBody()?['REDN_StickyDate']\",\"REDN_Topics\":\"@variables('varTopics')\",\"REDN_Unpublish\":\"@triggerBody()?['REDN_Unpublish']\",\"Title\":\"@{concat(variables('varItemLanguage'),'_', variables('varFileNameWithExt'))}\"},\"host\":{\"connection\":{\"name\":\"@parameters('$connections')['sharepointonline']['connectionId']\"}},\"method\":\"patch\",\"path\":\"/datasets/@{encodeURIComponent(encodeURIComponent(variables('varTargetUrl')))}/tables/@{encodeURIComponent(encodeURIComponent('7238f2e4-a1a3-4523-8163-0d778cdbdfa4'))}/items/@{encodeURIComponent(items('Apply_to_each_RTNews_but_just_one_in_fact')['ID'])}\",\"retryPolicy\":{\"type\":\"none\"}},\"metadata\":{\"flowSystemMetadata\":{\"swaggerOperationId\":\"PatchItem\"}},\"runAfter\":{\"Send_message_to_news_service_bus_update_item_is_here\":[\"Succeeded\"]},\"type\":\"ApiConnection\"}},\"foreach\":\"@body('Get_items_RTNews')?['value']\",\"runAfter\":{\"Get_items_RTNews\":[\"Succeeded\"]},\"type\":\"Foreach\"},\"Create_item_Publishing_Log\":{\"inputs\":{\"body\":{\"REDN_StatusCode\":\"10\",\"REDN_StatusText\":\"Publishing initialized\",\"Title\":\"@{concat('Publishing for ', variables('varFileNameWithExt'), ' ', variables('varID'))}\"},\"host\":{\"connection\":{\"name\":\"@parameters('$connections')['sharepointonline']['connectionId']\"}},\"method\":\"post\",\"path\":\"/datasets/@{encodeURIComponent(encodeURIComponent(variables('varTargetUrl')))}/tables/@{encodeURIComponent(encodeURIComponent('362e00b1-46d3-451a-affa-451ab7aff3fd'))}/items\"},\"metadata\":{\"flowSystemMetadata\":{\"swaggerOperationId\":\"PostItem\"}},\"runAfter\":{},\"type\":\"ApiConnection\"},\"Get_items_RTNews\":{\"inputs\":{\"host\":{\"connection\":{\"name\":\"@parameters('$connections')['sharepointonline']['connectionId']\"}},\"method\":\"get\",\"path\":\"/datasets/@{encodeURIComponent(encodeURIComponent(variables('varTargetUrl')))}/tables/@{encodeURIComponent(encodeURIComponent('RTNews'))}/items\",\"queries\":{\"$filter\":\"(REDN_LangCd eq '@{variables('varItemLanguage')}') and ((REDN_PageName eq '@{replace(variables('varFileNameWithExt'),'''','''''')}') or  (REDN_PageName eq '@{uriComponent(variables('varFileNameWithExt'))}'))\",\"$top\":1,\"viewScopeOption\":\"Default\"}},\"metadata\":{\"flowSystemMetadata\":{\"swaggerOperationId\":\"GetItems\"}},\"runAfter\":{\"Send_an_HTTP_request_to_SharePoint_Write_url_in_publishing_log\":[\"Succeeded\"]},\"type\":\"ApiConnection\"},\"No_RTNews_item_means_we_create_one\":{\"actions\":{\"Create_item_RTNews\":{\"inputs\":{\"body\":{\"REDN_Channels\":\"@variables('varChannels')\",\"REDN_CommentsNumber\":0,\"REDN_ImageUrl\":\"@triggerBody()?['BannerImageUrl']\",\"REDN_Keywords\":\"@variables('varKeywords')\",\"REDN_LangCd\":\"@variables('varItemLanguage')\",\"REDN_LikeNumber\":0,\"REDN_Locations\":\"@variables('varLocations')\",\"REDN_NewsHeader\":\"@triggerBody()?['REDN_Lead']\",\"REDN_NewsTitle\":\"@variables('varNewsTitle')\",\"REDN_NewsUrl\":\"@variables('varItemUrl')\",\"REDN_PageName\":\"@{uriComponent(variables('varFileNameWithExt'))}\",\"REDN_PubFrom\":\"@triggerBody()?['REDN_PubFrom']\",\"REDN_PubTo\":\"@triggerBody()?['REDN_PubTo']\",\"REDN_Sticky\":\"@triggerBody()?['REDN_Sticky']\",\"REDN_StickyDate\":\"@triggerBody()?['REDN_StickyDate']\",\"REDN_Topics\":\"@variables('varTopics')\",\"REDN_Unpublish\":\"@triggerBody()?['REDN_Unpublish']\",\"REDN_ViewNumber\":0,\"Title\":\"@{concat(variables('varItemLanguage'),'_', variables('varFileNameWithExt'))}\"},\"host\":{\"connection\":{\"name\":\"@parameters('$connections')['sharepointonline']['connectionId']\"}},\"method\":\"post\",\"path\":\"/datasets/@{encodeURIComponent(encodeURIComponent(variables('varTargetUrl')))}/tables/@{encodeURIComponent(encodeURIComponent('RTNews'))}/items\",\"retryPolicy\":{\"type\":\"none\"}},\"metadata\":{\"flowSystemMetadata\":{\"swaggerOperationId\":\"PostItem\"}},\"runAfter\":{},\"type\":\"ApiConnection\"},\"Send_message_to_news_service_bus_new_item_is_here\":{\"inputs\":{\"body\":{\"ContentData\":\"@{base64('*')}\",\"ContentType\":\"application/json\",\"Properties\":{\"@{variables('varServiceBusRequestType')}\":\"@outputs('Create_item_RTNews')?['body/ID']\"}},\"host\":{\"connection\":{\"name\":\"@parameters('$connections')['servicebus']['connectionId']\"}},\"method\":\"post\",\"path\":\"/@{encodeURIComponent(encodeURIComponent('news'))}/messages\",\"queries\":{\"systemProperties\":\"None\"}},\"metadata\":{\"flowSystemMetadata\":{\"swaggerOperationId\":\"SendMessage\"}},\"runAfter\":{\"Set_variable_varServiceBusRequestType_to_add\":[\"Succeeded\"]},\"type\":\"ApiConnection\"},\"Set_variable_varServiceBusRequestType_to_add\":{\"inputs\":{\"name\":\"varServiceBusRequestType\",\"value\":\"A\"},\"runAfter\":{\"Create_item_RTNews\":[\"Succeeded\"]},\"type\":\"SetVariable\"}},\"expression\":{\"equals\":[\"@variables('varRTNewsExists')\",false]},\"runAfter\":{\"Apply_to_each_RTNews_but_just_one_in_fact\":[\"Succeeded\"]},\"type\":\"If\"},\"Send_an_HTTP_request_to_SharePoint_Write_url_in_publishing_log\":{\"inputs\":{\"body\":{\"body\":\"{\\n'__metadata': { 'type': 'SP.Data.PublishinglogListItem' },\\n'REDN_PageName': {\\n'__metadata': { 'type': 'SP.FieldUrlValue' },\\n'Description': '@{encodeURIComponent(variables('varFileNameWithExt'))}',\\n'Url': '@{replace(variables('varItemUrl'),'''','%27')}'\\n}\\n}\\n\",\"headers\":{\"Content-Type\":\"application/json;odata=verbose\",\"IF-Match\":\"*\",\"X-HTTP-Method\":\"Merge\",\"accept\":\"application/json;odata=verbose\"},\"method\":\"PATCH\",\"uri\":\"_api/web/Lists/GetByTitle('PublishingLog')/items(@{body('Create_item_Publishing_Log')?['ID']})\"},\"host\":{\"connection\":{\"name\":\"@parameters('$connections')['sharepointonline']['connectionId']\"}},\"method\":\"post\",\"path\":\"/datasets/@{encodeURIComponent(encodeURIComponent(variables('varTargetUrl')))}/httprequest\"},\"metadata\":{\"flowSystemMetadata\":{\"swaggerOperationId\":\"HttpRequest\"}},\"runAfter\":{\"Create_item_Publishing_Log\":[\"Succeeded\"]},\"type\":\"ApiConnection\"},\"Set_variable_varLogText\":{\"inputs\":{\"name\":\"varLogText\",\"value\":\"@{body('Send_an_HTTP_request_to_SharePoint_Get_promoted_state')}\"},\"runAfter\":{\"No_RTNews_item_means_we_create_one\":[\"Succeeded\"]},\"type\":\"SetVariable\"}},\"expression\":{\"and\":[{\"endsWith\":[\"@variables('varVersionNumber')\",\".0\"]},{\"equals\":[\"@variables('varBodyPromotedState')\",\"2\"]}]},\"runAfter\":{\"Initialize_variable_varServiceBusRequestType\":[\"Succeeded\"]},\"type\":\"If\"},\"Condition_if_page_is_a_translation\":{\"actions\":{\"Condition_if_page_is_french\":{\"actions\":{\"Set_variable_varItemLanguage_to_french\":{\"inputs\":{\"name\":\"varItemLanguage\",\"value\":\"FR\"},\"runAfter\":{},\"type\":\"SetVariable\"},\"Set_variable_varItemUrl_for_french_page\":{\"inputs\":{\"name\":\"varItemUrl\",\"value\":\"@{concat(variables('varRootUrl'), '/SitePages/fr/', variables('varFileNameWithExt'))}\"},\"runAfter\":{\"Set_variable_varItemLanguage_to_french\":[\"Succeeded\"]},\"type\":\"SetVariable\"}},\"else\":{\"actions\":{\"Condition_if_page_is_german\":{\"actions\":{\"Set_variable_varItemLanguage_to_german\":{\"inputs\":{\"name\":\"varItemLanguage\",\"value\":\"DE\"},\"runAfter\":{},\"type\":\"SetVariable\"},\"Set_variable_varItemUrl_for_german_page\":{\"inputs\":{\"name\":\"varItemUrl\",\"value\":\"@{concat(variables('varRootUrl'), '/SitePages/de/', variables('varFileNameWithExt'))}\"},\"runAfter\":{\"Set_variable_varItemLanguage_to_german\":[\"Succeeded\"]},\"type\":\"SetVariable\"}},\"else\":{\"actions\":{\"Set_variable_varItemLanguage_to_italian\":{\"inputs\":{\"name\":\"varItemLanguage\",\"value\":\"IT\"},\"runAfter\":{},\"type\":\"SetVariable\"},\"Set_variable_varItemUrl_for_italian_page\":{\"inputs\":{\"name\":\"varItemUrl\",\"value\":\"@{concat(variables('varRootUrl'), '/SitePages/it/', variables('varFileNameWithExt'))}\"},\"runAfter\":{\"Set_variable_varItemLanguage_to_italian\":[\"Succeeded\"]},\"type\":\"SetVariable\"}}},\"expression\":{\"and\":[{\"equals\":[\"@variables('varPageTranslationLanguage')\",\"de\"]}]},\"runAfter\":{},\"type\":\"If\"}}},\"expression\":{\"contains\":[\"@variables('varPageTranslationLanguage')\",\"fr\"]},\"runAfter\":{},\"type\":\"If\"}},\"expression\":{\"equals\":[\"@variables('varPageIsTranslated')\",true]},\"runAfter\":{\"Initialize_variable_varItemUrl_for_root_page\":[\"Succeeded\"]},\"type\":\"If\"},\"For_each_Channels_from_page\":{\"actions\":{\"Append_the_termguid_to_varChannels\":{\"inputs\":{\"name\":\"varChannels\",\"value\":\"@concat(body('Parse_JSON_from_varProcessingTerm')?['TermGuid'], ';')\"},\"runAfter\":{\"Parse_JSON_from_varProcessingTerm\":[\"Succeeded\"]},\"type\":\"AppendToStringVariable\"},\"Parse_JSON_from_varProcessingTerm\":{\"inputs\":{\"content\":\"@variables('varProcessingTerm')\",\"schema\":{\"properties\":{\"Label\":{\"type\":\"string\"},\"Path\":{},\"TermGuid\":{\"type\":\"string\"},\"Value\":{\"type\":\"string\"},\"WssId\":{\"type\":\"integer\"},\"odata.type\":{\"type\":\"string\"}},\"type\":\"object\"}},\"runAfter\":{\"Set_variable_varProcessingTerm_to_channel\":[\"Succeeded\"]},\"type\":\"ParseJson\"},\"Set_variable_varProcessingTerm_to_channel\":{\"inputs\":{\"name\":\"varProcessingTerm\",\"value\":\"@{items('For_each_Channels_from_page')}\"},\"runAfter\":{},\"type\":\"SetVariable\"}},\"foreach\":\"@triggerBody()?['REDN_Channels']\",\"runAfter\":{\"Initialize_variable_varProcessingTerm\":[\"Succeeded\"]},\"runtimeConfiguration\":{\"concurrency\":{\"repetitions\":1}},\"type\":\"Foreach\"},\"For_each_Keywords_from_page\":{\"actions\":{\"Append_the_termguid_to_varKeywords\":{\"inputs\":{\"name\":\"varKeywords\",\"value\":\"@concat(body('Parse_JSON_2')?['TermGuid'], ';')\"},\"runAfter\":{\"Parse_JSON_2\":[\"Succeeded\"]},\"type\":\"AppendToStringVariable\"},\"Parse_JSON_2\":{\"inputs\":{\"content\":\"@variables('varProcessingTerm')\",\"schema\":{\"properties\":{\"Label\":{\"type\":\"string\"},\"Path\":{},\"TermGuid\":{\"type\":\"string\"},\"Value\":{\"type\":\"string\"},\"WssId\":{\"type\":\"integer\"},\"odata.type\":{\"type\":\"string\"}},\"type\":\"object\"}},\"runAfter\":{\"Set_variable_varProcessingTerm_to_keyword\":[\"Succeeded\"]},\"type\":\"ParseJson\"},\"Set_variable_varProcessingTerm_to_keyword\":{\"inputs\":{\"name\":\"varProcessingTerm\",\"value\":\"@{items('For_each_Keywords_from_page')}\"},\"runAfter\":{},\"type\":\"SetVariable\"}},\"foreach\":\"@triggerBody()?['REDN_Keywords']\",\"runAfter\":{\"Initialize_variable_varKeywords\":[\"Succeeded\"]},\"runtimeConfiguration\":{\"concurrency\":{\"repetitions\":1}},\"type\":\"Foreach\"},\"For_each_Locations_from_page\":{\"actions\":{\"Append_the_termguid_to_varLocations_\":{\"inputs\":{\"name\":\"varLocations\",\"value\":\"@concat(slice(body('Parse_JSON')?['TermGuid'], 0, indexOf(body('Parse_JSON')?['TermGuid'], '-')), ';')\"},\"runAfter\":{\"Parse_JSON\":[\"Succeeded\"]},\"type\":\"AppendToStringVariable\"},\"Parse_JSON\":{\"inputs\":{\"content\":\"@variables('varProcessingTerm')\",\"schema\":{\"properties\":{\"Label\":{\"type\":\"string\"},\"Path\":{},\"TermGuid\":{\"type\":\"string\"},\"Value\":{\"type\":\"string\"},\"WssId\":{\"type\":\"integer\"},\"odata.type\":{\"type\":\"string\"}},\"type\":\"object\"}},\"runAfter\":{\"Set_variable_varProcessingTerm_to_location\":[\"Succeeded\"]},\"type\":\"ParseJson\"},\"Set_variable_varProcessingTerm_to_location\":{\"inputs\":{\"name\":\"varProcessingTerm\",\"value\":\"@{items('For_each_Locations_from_page')}\"},\"runAfter\":{},\"type\":\"SetVariable\"}},\"foreach\":\"@triggerBody()?['REDN_Locations']\",\"runAfter\":{\"Initialize_variable_varLocations\":[\"Succeeded\"]},\"runtimeConfiguration\":{\"concurrency\":{\"repetitions\":1}},\"type\":\"Foreach\"},\"For_each_Topics_from_page\":{\"actions\":{\"Append_the_termguid_to_varTopics\":{\"inputs\":{\"name\":\"varTopics\",\"value\":\"@concat(body('Parse_JSON_3')?['TermGuid'],';')\"},\"runAfter\":{\"Parse_JSON_3\":[\"Succeeded\"]},\"type\":\"AppendToStringVariable\"},\"Parse_JSON_3\":{\"inputs\":{\"content\":\"@variables('varProcessingTerm')\",\"schema\":{\"properties\":{\"Label\":{\"type\":\"string\"},\"Path\":{},\"TermGuid\":{\"type\":\"string\"},\"Value\":{\"type\":\"string\"},\"WssId\":{\"type\":\"integer\"},\"odata.type\":{\"type\":\"string\"}},\"type\":\"object\"}},\"runAfter\":{\"Set_variable_varProcessingTerm_to_topic\":[\"Succeeded\"]},\"type\":\"ParseJson\"},\"Set_variable_varProcessingTerm_to_topic\":{\"inputs\":{\"name\":\"varProcessingTerm\",\"value\":\"@{items('For_each_Topics_from_page')}\"},\"runAfter\":{},\"type\":\"SetVariable\"}},\"foreach\":\"@triggerBody()?['REDN_Topics']\",\"runAfter\":{\"Initialize_variable_varTopics\":[\"Succeeded\"]},\"runtimeConfiguration\":{\"concurrency\":{\"repetitions\":1}},\"type\":\"Foreach\"},\"Initialize_variable_varBodyPromotedState\":{\"inputs\":{\"variables\":[{\"name\":\"varBodyPromotedState\",\"type\":\"string\",\"value\":\"@{body('Send_an_HTTP_request_to_SharePoint_Get_promoted_state')['d']['PromotedState']}\"}]},\"runAfter\":{\"Send_an_HTTP_request_to_SharePoint_Get_promoted_state\":[\"Succeeded\"]},\"type\":\"InitializeVariable\"},\"Initialize_variable_varChannels\":{\"inputs\":{\"variables\":[{\"name\":\"varChannels\",\"type\":\"string\"}]},\"runAfter\":{},\"type\":\"InitializeVariable\"},\"Initialize_variable_varFileNameWithExt\":{\"inputs\":{\"variables\":[{\"name\":\"varFileNameWithExt\",\"type\":\"string\",\"value\":\"@triggerBody()?['{FilenameWithExtension}']\"}]},\"runAfter\":{\"Initialize_variable_varBodyPromotedState\":[\"Succeeded\"]},\"type\":\"InitializeVariable\"},\"Initialize_variable_varID\":{\"inputs\":{\"variables\":[{\"name\":\"varID\",\"type\":\"integer\",\"value\":\"@triggerBody()?['ID']\"}]},\"runAfter\":{\"Initialize_variable_varVersionNumber\":[\"Succeeded\"]},\"type\":\"InitializeVariable\"},\"Initialize_variable_varItemLanguage_default_to_german\":{\"inputs\":{\"variables\":[{\"name\":\"varItemLanguage\",\"type\":\"string\",\"value\":\"DE\"}]},\"runAfter\":{\"Initialize_variable_var_SPWebLCID\":[\"Succeeded\"]},\"type\":\"InitializeVariable\"},\"Initialize_variable_varItemUrl_for_root_page\":{\"inputs\":{\"variables\":[{\"name\":\"varItemUrl\",\"type\":\"string\",\"value\":\"@{concat(variables('varRootUrl'), '/SitePages/', variables('varFileNameWithExt'))}\"}]},\"runAfter\":{\"Switch_normalize_varPageTranslationLanguage\":[\"Succeeded\"]},\"type\":\"InitializeVariable\"},\"Initialize_variable_varKeywords\":{\"inputs\":{\"variables\":[{\"name\":\"varKeywords\",\"type\":\"string\"}]},\"runAfter\":{\"For_each_Locations_from_page\":[\"Succeeded\"]},\"type\":\"InitializeVariable\"},\"Initialize_variable_varLocations\":{\"inputs\":{\"variables\":[{\"name\":\"varLocations\",\"type\":\"string\"}]},\"runAfter\":{\"For_each_Channels_from_page\":[\"Succeeded\"]},\"type\":\"InitializeVariable\"},\"Initialize_variable_varLogText\":{\"inputs\":{\"variables\":[{\"name\":\"varLogText\",\"type\":\"string\",\"value\":\"@{body('Send_an_HTTP_request_to_SharePoint_Get_Promoted_State')}\"}]},\"runAfter\":{\"Condition_if_page_is_a_translation\":[\"Succeeded\"]},\"type\":\"InitializeVariable\"},\"Initialize_variable_varNewsTitle\":{\"inputs\":{\"variables\":[{\"name\":\"varNewsTitle\",\"type\":\"string\",\"value\":\"@{body('Send_an_HTTP_request_to_SharePoint_Get_Promoted_State')['d']['Title']}\"}]},\"runAfter\":{\"Initialize_variable_varRTNewsExists\":[\"Succeeded\"]},\"type\":\"InitializeVariable\"},\"Initialize_variable_varPageIsTranslated\":{\"inputs\":{\"variables\":[{\"name\":\"varPageIsTranslated\",\"type\":\"boolean\",\"value\":\"@body('Send_an_HTTP_request_to_SharePoint_Get_Promoted_State')['d']['OData__SPIsTranslation']\\r\\n\"}]},\"runAfter\":{\"Switch_set_default_language_according_to_web_LCID\":[\"Succeeded\"]},\"type\":\"InitializeVariable\"},\"Initialize_variable_varPageRawData\":{\"inputs\":{\"variables\":[{\"name\":\"varPageRawData\",\"type\":\"string\",\"value\":\"@{body('Send_an_HTTP_request_to_SharePoint_Get_Promoted_State')['d']['CanvasContent1']}\"}]},\"runAfter\":{\"Initialize_variable_varNewsTitle\":[\"Succeeded\"]},\"type\":\"InitializeVariable\"},\"Initialize_variable_varPageTranslationLanguage\":{\"inputs\":{\"variables\":[{\"name\":\"varPageTranslationLanguage\",\"type\":\"string\",\"value\":\"@{body('Send_an_HTTP_request_to_SharePoint_Get_Promoted_State')['d']['OData__SPTranslationLanguage']}\"}]},\"runAfter\":{\"Initialize_variable_varPageIsTranslated\":[\"Succeeded\"]},\"type\":\"InitializeVariable\"},\"Initialize_variable_varProcessingTerm\":{\"inputs\":{\"variables\":[{\"name\":\"varProcessingTerm\",\"type\":\"string\"}]},\"runAfter\":{\"Initialize_variable_varChannels\":[\"Succeeded\"]},\"type\":\"InitializeVariable\"},\"Initialize_variable_varRTNewsExists\":{\"inputs\":{\"variables\":[{\"name\":\"varRTNewsExists\",\"type\":\"boolean\",\"value\":false}]},\"runAfter\":{\"Initialize_variable_varLogText\":[\"Succeeded\"]},\"type\":\"InitializeVariable\"},\"Initialize_variable_varRootUrl\":{\"inputs\":{\"variables\":[{\"name\":\"varRootUrl\",\"type\":\"string\",\"value\":\"https://fhu365.sharepoint.com/sites/rednet_newsde\"}]},\"runAfter\":{\"For_each_Topics_from_page\":[\"Succeeded\"]},\"type\":\"InitializeVariable\"},\"Initialize_variable_varServiceBusRequestType\":{\"inputs\":{\"variables\":[{\"name\":\"varServiceBusRequestType\",\"type\":\"string\",\"value\":\"Z\"}]},\"runAfter\":{\"Initialize_variable_varPageRawData\":[\"Succeeded\"]},\"type\":\"InitializeVariable\"},\"Initialize_variable_varTargetUrl\":{\"inputs\":{\"variables\":[{\"name\":\"varTargetUrl\",\"type\":\"string\",\"value\":\"https://fhu365.sharepoint.com/sites/rednet\"}]},\"runAfter\":{\"Initialize_variable_varRootUrl\":[\"Succeeded\"]},\"type\":\"InitializeVariable\"},\"Initialize_variable_varTopics\":{\"inputs\":{\"variables\":[{\"name\":\"varTopics\",\"type\":\"string\"}]},\"runAfter\":{\"For_each_Keywords_from_page\":[\"Succeeded\"]},\"type\":\"InitializeVariable\"},\"Initialize_variable_varVersionNumber\":{\"inputs\":{\"variables\":[{\"name\":\"varVersionNumber\",\"type\":\"string\",\"value\":\"@triggerBody()?['{VersionNumber}']\"}]},\"runAfter\":{\"Initialize_variable_varFileNameWithExt\":[\"Succeeded\"]},\"type\":\"InitializeVariable\"},\"Initialize_variable_var_SPWebLCID\":{\"inputs\":{\"variables\":[{\"name\":\"varSPWebLCID\",\"type\":\"string\",\"value\":\"@body('Send_an_HTTP_request_to_SharePoint_to_get_current_web_language')['d']['Language']\"}]},\"runAfter\":{\"Send_an_HTTP_request_to_SharePoint_to_get_current_web_language\":[\"Succeeded\"]},\"type\":\"InitializeVariable\"},\"Send_an_HTTP_request_to_SharePoint_Get_promoted_state\":{\"inputs\":{\"body\":{\"headers\":{\"Accept\":\"application/json;odata=verbose\",\"Content-Type\":\"application/json;odata=verbose\"},\"method\":\"GET\",\"uri\":\"_api/web/Lists/SitePages/items(@{triggerBody()?['ID']})\"},\"host\":{\"connection\":{\"name\":\"@parameters('$connections')['sharepointonline']['connectionId']\"}},\"method\":\"post\",\"path\":\"/datasets/@{encodeURIComponent(encodeURIComponent(variables('varRootUrl')))}/httprequest\"},\"metadata\":{\"flowSystemMetadata\":{\"swaggerOperationId\":\"HttpRequest\"}},\"runAfter\":{\"Initialize_variable_varTargetUrl\":[\"Succeeded\"]},\"type\":\"ApiConnection\"},\"Send_an_HTTP_request_to_SharePoint_to_get_current_web_language\":{\"inputs\":{\"body\":{\"headers\":{\"Accept\":\"application/json;odata=verbose\",\"Content-Type\":\"application/json;odata=verbose\"},\"method\":\"GET\",\"uri\":\"_api/web/language\"},\"host\":{\"connection\":{\"name\":\"@parameters('$connections')['sharepointonline']['connectionId']\"}},\"method\":\"post\",\"path\":\"/datasets/@{encodeURIComponent(encodeURIComponent(variables('varRootUrl')))}/httprequest\"},\"runAfter\":{\"Initialize_variable_varID\":[\"Succeeded\"]},\"type\":\"ApiConnection\"},\"Switch_normalize_varPageTranslationLanguage\":{\"cases\":{\"Case\":{\"actions\":{\"Set_variable_varPageTranslationLanguage_to_de\":{\"inputs\":{\"name\":\"varPageTranslationLanguage\",\"value\":\"de\"},\"runAfter\":{},\"type\":\"SetVariable\"}},\"case\":\"de-de\"},\"Case_2\":{\"actions\":{\"Set_variable_varPageTranslationLanguage_to_fr\":{\"inputs\":{\"name\":\"varPageTranslationLanguage\",\"value\":\"fr\"},\"runAfter\":{},\"type\":\"SetVariable\"}},\"case\":\"fr-fr\"},\"Case_3\":{\"actions\":{\"Set_variable_varPageTranslationLanguage_to_it\":{\"inputs\":{\"name\":\"varPageTranslationLanguage\",\"value\":\"it\"},\"runAfter\":{},\"type\":\"SetVariable\"}},\"case\":\"it-it\"}},\"default\":{\"actions\":{}},\"expression\":\"@variables('varPageTranslationLanguage')\",\"runAfter\":{\"Initialize_variable_varPageTranslationLanguage\":[\"Succeeded\"]},\"type\":\"Switch\"},\"Switch_set_default_language_according_to_web_LCID\":{\"cases\":{\"Case\":{\"actions\":{\"Set_variable_varItemLanguage_to_german_from_LCID\":{\"inputs\":{\"name\":\"varItemLanguage\",\"value\":\"DE\"},\"runAfter\":{},\"type\":\"SetVariable\"}},\"case\":\"1031\"},\"Case_2\":{\"actions\":{\"Set_variable_varItemLanguage_to_french_from_LCID\":{\"inputs\":{\"name\":\"varItemLanguage\",\"value\":\"FR\"},\"runAfter\":{},\"type\":\"SetVariable\"}},\"case\":\"1036\"},\"Case_3\":{\"actions\":{\"Set_variable_varItemLanguage_to_italian_from_LCID\":{\"inputs\":{\"name\":\"varItemLanguage\",\"value\":\"IT\"},\"runAfter\":{},\"type\":\"SetVariable\"}},\"case\":\"1040\"}},\"default\":{\"actions\":{}},\"expression\":\"@variables('varSPWebLCID')\",\"runAfter\":{\"Initialize_variable_varItemLanguage_default_to_german\":[\"Succeeded\"]},\"type\":\"Switch\"}},\"contentVersion\":\"1.0.0.0\",\"parameters\":{\"$connections\":{\"defaultValue\":{},\"type\":\"Object\"}},\"triggers\":{\"When_a_file_is_created_or_modified_(properties_only)\":{\"inputs\":{\"host\":{\"connection\":{\"name\":\"@parameters('$connections')['sharepointonline']['connectionId']\"}},\"method\":\"get\",\"path\":\"/datasets/@{encodeURIComponent(encodeURIComponent('https://fhu365.sharepoint.com/sites/rednet_newsde'))}/tables/@{encodeURIComponent(encodeURIComponent('f5825546-b767-4239-86a4-c8e7b89b8c81'))}/onupdatedfileitems\"},\"metadata\":{\"flowSystemMetadata\":{\"swaggerOperationId\":\"GetOnUpdatedFileItems\"}},\"recurrence\":{\"frequency\":\"Minute\",\"interval\":15},\"splitOn\":\"@triggerBody()?['value']\",\"type\":\"ApiConnection\"}}},\"parameters\":{\"$connections\":{\"value\":{\"servicebus\":{\"connectionId\":\"/subscriptions/bf408115-a9b5-49bf-a497-24112465a319/resourceGroups/redn-azd-dev3-rg/providers/Microsoft.Web/connections/redn-azd-dev3-bus-apic\",\"connectionName\":\"redn-azd-dev3-bus-apic\",\"id\":\"/subscriptions/bf408115-a9b5-49bf-a497-24112465a319/providers/Microsoft.Web/locations/switzerlandnorth/managedApis/servicebus\"},\"sharepointonline\":{\"connectionId\":\"/subscriptions/bf408115-a9b5-49bf-a497-24112465a319/resourceGroups/redn-azd-dev3-rg/providers/Microsoft.Web/connections/redn-azd-dev3-spo-apic\",\"connectionName\":\"redn-azd-dev3-spo-apic\",\"id\":\"/subscriptions/bf408115-a9b5-49bf-a497-24112465a319/providers/Microsoft.Web/locations/switzerlandnorth/managedApis/sharepointonline\"}}}},\"state\":\"Enabled\"}}",
              "type": "string"
            },
            "id": "/subscriptions/bf408115-a9b5-49bf-a497-24112465a319/resourceGroups/redn-azd-dev3-rg/providers/Microsoft.Logic/workflows/redn-azd-dev3-newswatcherde-lapp",
            "identity": [
              {
                "identity_ids": null,
                "principal_id": "2d2c73b7-5afa-486f-a573-ae43791b5088",
                "tenant_id": "af7227b1-ac3a-4487-9e9f-ba462bb409d4",
                "type": "SystemAssigned"
              }
            ],
            "ignore_body_changes": null,
            "ignore_casing": false,
            "ignore_missing_property": true,
            "location": "switzerlandnorth",
            "locks": null,
            "name": "redn-azd-dev3-newswatcherde-lapp",
            "output": {
              "value": "{}",
              "type": "string"
            },
            "parent_id": "/subscriptions/bf408115-a9b5-49bf-a497-24112465a319/resourceGroups/redn-azd-dev3-rg",
            "removing_special_chars": false,
            "response_export_values": null,
            "schema_validation_enabled": false,
            "tags": {
              "AppID": "REDN",
              "Domain": "WCC",
              "FKID": "redn-base",
              "ITOwner": "DL_301823@mobi.ch",
              "Stage": "dev3",
              "TKID": "redn-base-iac",
              "TKTypeID": "iac"
            },
            "timeouts": null,
            "type": "Microsoft.Logic/workflows@2017-07-01"
          },
          "sensitive_attributes": [],
          "dependencies": [
            "azurerm_api_connection.apic_sb",
            "azurerm_api_connection.apic_spo",
            "azurerm_resource_group.rg",
            "azurerm_servicebus_namespace.sb_pagepublishing",
            "azurerm_servicebus_queue.sb_pagepublishing_queue",
            "data.azurerm_managed_api.managed_api_sb",
            "data.azurerm_managed_api.managed_api_spo",
            "data.azurerm_subscription.sub"
          ]
        }
      ]
    },
    {
      "mode": "managed",
      "type": "azurerm_api_connection",
      "name": "apic_sb",
      "provider": "provider[\"registry.terraform.io/hashicorp/azurerm\"]",
      "instances": [
        {
          "schema_version": 0,
          "attributes": {
            "display_name": "Service Bus",
            "id": "/subscriptions/bf408115-a9b5-49bf-a497-24112465a319/resourceGroups/redn-azd-dev3-rg/providers/Microsoft.Web/connections/redn-azd-dev3-bus-apic",
            "managed_api_id": "/subscriptions/bf408115-a9b5-49bf-a497-24112465a319/providers/Microsoft.Web/locations/switzerlandnorth/managedApis/servicebus",
            "name": "redn-azd-dev3-bus-apic",
            "parameter_values": {},
            "resource_group_name": "redn-azd-dev3-rg",
            "tags": {
              "AppID": "REDN",
              "Domain": "WCC",
              "FKID": "redn-base",
              "ITOwner": "DL_301823@mobi.ch",
              "Stage": "dev3",
              "TKID": "redn-base-iac",
              "TKTypeID": "iac"
            },
            "timeouts": null
          },
          "sensitive_attributes": [],
          "private": "eyJlMmJmYjczMC1lY2FhLTExZTYtOGY4OC0zNDM2M2JjN2M0YzAiOnsiY3JlYXRlIjoxODAwMDAwMDAwMDAwLCJkZWxldGUiOjE4MDAwMDAwMDAwMDAsInJlYWQiOjMwMDAwMDAwMDAwMCwidXBkYXRlIjoxODAwMDAwMDAwMDAwfX0=",
          "dependencies": [
            "azurerm_resource_group.rg",
            "azurerm_servicebus_namespace.sb_pagepublishing",
            "data.azurerm_managed_api.managed_api_sb"
          ]
        }
      ]
    },
    {
      "mode": "managed",
      "type": "azurerm_api_connection",
      "name": "apic_spo",
      "provider": "provider[\"registry.terraform.io/hashicorp/azurerm\"]",
      "instances": [
        {
          "schema_version": 0,
          "attributes": {
            "display_name": "SharePoint",
            "id": "/subscriptions/bf408115-a9b5-49bf-a497-24112465a319/resourceGroups/redn-azd-dev3-rg/providers/Microsoft.Web/connections/redn-azd-dev3-spo-apic",
            "managed_api_id": "/subscriptions/bf408115-a9b5-49bf-a497-24112465a319/providers/Microsoft.Web/locations/switzerlandnorth/managedApis/sharepointonline",
            "name": "redn-azd-dev3-spo-apic",
            "parameter_values": {},
            "resource_group_name": "redn-azd-dev3-rg",
            "tags": {
              "AppID": "REDN",
              "Domain": "WCC",
              "FKID": "redn-base",
              "ITOwner": "DL_301823@mobi.ch",
              "Stage": "dev3",
              "TKID": "redn-base-iac",
              "TKTypeID": "iac"
            },
            "timeouts": null
          },
          "sensitive_attributes": [],
          "private": "eyJlMmJmYjczMC1lY2FhLTExZTYtOGY4OC0zNDM2M2JjN2M0YzAiOnsiY3JlYXRlIjoxODAwMDAwMDAwMDAwLCJkZWxldGUiOjE4MDAwMDAwMDAwMDAsInJlYWQiOjMwMDAwMDAwMDAwMCwidXBkYXRlIjoxODAwMDAwMDAwMDAwfX0=",
          "dependencies": [
            "azurerm_resource_group.rg",
            "data.azurerm_managed_api.managed_api_spo"
          ]
        }
      ]
    },
    {
      "mode": "managed",
      "type": "azurerm_linux_web_app",
      "name": "app",
      "provider": "provider[\"registry.terraform.io/hashicorp/azurerm\"]",
      "instances": [
        {
          "schema_version": 1,
          "attributes": {
            "app_settings": {
              "SERVICEBUS_CONNECTION_STRING": "Endpoint=sb://redn-azd-dev3-bus.servicebus.windows.net/;SharedAccessKeyName=RootManageSharedAccessKey;SharedAccessKey=S8ku0VK8cPKpzj4f9zBOkSES7jnE2iZkW+ASbMprvM8=",
              "SERVICEBUS_QUEUE_NAME": "news",
              "WEBSITE_NODE_DEFAULT_VERSION": "~20"
            },
            "auth_settings": [],
            "auth_settings_v2": [],
            "backup": [],
            "client_affinity_enabled": false,
            "client_certificate_enabled": false,
            "client_certificate_exclusion_paths": "",
            "client_certificate_mode": "Required",
            "connection_string": [],
            "custom_domain_verification_id": "A0C1C61F7BBD1A04F4118DF0AECD0840B795C016CF97B42DD3EF169A5766CD64",
            "default_hostname": "redn-azd-dev3-as.azurewebsites.net",
            "enabled": true,
            "ftp_publish_basic_authentication_enabled": true,
            "hosting_environment_id": "",
            "https_only": false,
            "id": "/subscriptions/bf408115-a9b5-49bf-a497-24112465a319/resourceGroups/redn-azd-dev3-rg/providers/Microsoft.Web/sites/redn-azd-dev3-as",
            "identity": [],
            "key_vault_reference_identity_id": "SystemAssigned",
            "kind": "app,linux",
            "location": "switzerlandnorth",
            "logs": [
              {
                "application_logs": [],
                "detailed_error_messages": true,
                "failed_request_tracing": true,
                "http_logs": [
                  {
                    "azure_blob_storage": [],
                    "file_system": [
                      {
                        "retention_in_days": 1,
                        "retention_in_mb": 35
                      }
                    ]
                  }
                ]
              }
            ],
            "name": "redn-azd-dev3-as",
            "outbound_ip_address_list": [
              "20.203.131.158",
              "20.203.131.249",
              "20.203.131.184",
              "20.203.131.178",
              "20.203.132.53",
              "20.203.129.198",
              "51.107.58.162"
            ],
            "outbound_ip_addresses": "20.203.131.158,20.203.131.249,20.203.131.184,20.203.131.178,20.203.132.53,20.203.129.198,51.107.58.162",
            "possible_outbound_ip_address_list": [
              "4.226.12.38",
              "4.226.12.50",
              "4.226.12.59",
              "4.226.12.63",
              "4.226.12.80",
              "4.226.12.82",
              "20.203.128.91",
              "20.203.128.222",
              "20.203.130.203",
              "20.203.130.121",
              "20.203.128.70",
              "20.203.131.139",
              "20.203.131.158",
              "20.203.131.249",
              "20.203.131.184",
              "20.203.131.178",
              "20.203.132.53",
              "20.203.129.198",
              "20.203.132.57",
              "20.203.132.127",
              "20.203.128.3",
              "20.203.132.60",
              "20.203.132.181",
              "20.203.132.93",
              "4.226.12.38",
              "4.226.12.50",
              "4.226.12.59",
              "4.226.12.63",
              "4.226.12.80",
              "4.226.12.82",
              "20.203.134.45",
              "20.203.134.39",
              "20.203.133.133",
              "20.203.132.158",
              "20.203.133.140",
              "20.203.128.80",
              "51.107.58.162"
            ],
            "possible_outbound_ip_addresses": "4.226.12.38,4.226.12.50,4.226.12.59,4.226.12.63,4.226.12.80,4.226.12.82,20.203.128.91,20.203.128.222,20.203.130.203,20.203.130.121,20.203.128.70,20.203.131.139,20.203.131.158,20.203.131.249,20.203.131.184,20.203.131.178,20.203.132.53,20.203.129.198,20.203.132.57,20.203.132.127,20.203.128.3,20.203.132.60,20.203.132.181,20.203.132.93,4.226.12.38,4.226.12.50,4.226.12.59,4.226.12.63,4.226.12.80,4.226.12.82,20.203.134.45,20.203.134.39,20.203.133.133,20.203.132.158,20.203.133.140,20.203.128.80,51.107.58.162",
            "public_network_access_enabled": true,
            "resource_group_name": "redn-azd-dev3-rg",
            "service_plan_id": "/subscriptions/bf408115-a9b5-49bf-a497-24112465a319/resourceGroups/redn-azd-dev3-rg/providers/Microsoft.Web/serverFarms/redn-azd-dev3-splan",
            "site_config": [
              {
                "always_on": true,
                "api_definition_url": "",
                "api_management_api_id": "",
                "app_command_line": "cd site\\wwwroot \u0026\u0026 npm install \u0026\u0026 npm run start",
                "application_stack": [
                  {
                    "docker_image": "",
                    "docker_image_name": "",
                    "docker_image_tag": "",
                    "docker_registry_password": "",
                    "docker_registry_url": "",
                    "docker_registry_username": "",
                    "dotnet_version": "",
                    "go_version": "",
                    "java_server": "",
                    "java_server_version": "",
                    "java_version": "",
                    "node_version": "20-lts",
                    "php_version": "",
                    "python_version": "",
                    "ruby_version": ""
                  }
                ],
                "auto_heal_enabled": false,
                "auto_heal_setting": [],
                "container_registry_managed_identity_client_id": "",
                "container_registry_use_managed_identity": false,
                "cors": [
                  {
                    "allowed_origins": [
                      "https://fhu365.sharepoint.com"
                    ],
                    "support_credentials": false
                  }
                ],
                "default_documents": [
                  "Default.htm",
                  "Default.html",
                  "Default.asp",
                  "index.htm",
                  "index.html",
                  "iisstart.htm",
                  "default.aspx",
                  "index.php",
                  "hostingstart.html"
                ],
                "detailed_error_logging_enabled": true,
                "ftps_state": "FtpsOnly",
                "health_check_eviction_time_in_min": 0,
                "health_check_path": "",
                "http2_enabled": true,
                "ip_restriction": [],
                "ip_restriction_default_action": "Allow",
                "linux_fx_version": "NODE|20-lts",
                "load_balancing_mode": "LeastRequests",
                "local_mysql_enabled": false,
                "managed_pipeline_mode": "Integrated",
                "minimum_tls_version": "1.2",
                "remote_debugging_enabled": false,
                "remote_debugging_version": "VS2019",
                "scm_ip_restriction": [],
                "scm_ip_restriction_default_action": "Allow",
                "scm_minimum_tls_version": "1.2",
                "scm_type": "None",
                "scm_use_main_ip_restriction": false,
                "use_32_bit_worker": true,
                "vnet_route_all_enabled": false,
                "websockets_enabled": false,
                "worker_count": 1
              }
            ],
            "site_credential": [
              {
                "name": "$redn-azd-dev3-as",
                "password": "KSNreSxqHe4Srd6aRSrlwytQ3P1TRAmrPpsK7HX63xjhmBi54iMeyecNNEQr"
              }
            ],
            "sticky_settings": [],
            "storage_account": [],
            "tags": {},
            "timeouts": null,
            "virtual_network_subnet_id": "",
            "webdeploy_publish_basic_authentication_enabled": true,
            "zip_deploy_file": ""
          },
          "sensitive_attributes": [
            [
              {
                "type": "get_attr",
                "value": "site_credential"
              }
            ],
            [
              {
                "type": "get_attr",
                "value": "site_config"
              },
              {
                "type": "index",
                "value": {
                  "value": 0,
                  "type": "number"
                }
              },
              {
                "type": "get_attr",
                "value": "application_stack"
              },
              {
                "type": "index",
                "value": {
                  "value": 0,
                  "type": "number"
                }
              },
              {
                "type": "get_attr",
                "value": "docker_registry_password"
              }
            ],
            [
              {
                "type": "get_attr",
                "value": "app_settings"
              },
              {
                "type": "index",
                "value": {
                  "value": "SERVICEBUS_CONNECTION_STRING",
                  "type": "string"
                }
              }
            ],
            [
              {
                "type": "get_attr",
                "value": "custom_domain_verification_id"
              }
            ]
          ],
          "private": "eyJlMmJmYjczMC1lY2FhLTExZTYtOGY4OC0zNDM2M2JjN2M0YzAiOnsiY3JlYXRlIjoxODAwMDAwMDAwMDAwLCJkZWxldGUiOjE4MDAwMDAwMDAwMDAsInJlYWQiOjMwMDAwMDAwMDAwMCwidXBkYXRlIjoxODAwMDAwMDAwMDAwfSwic2NoZW1hX3ZlcnNpb24iOiIxIn0=",
          "dependencies": [
            "azurerm_resource_group.rg",
            "azurerm_service_plan.plan_linux",
            "azurerm_servicebus_namespace.sb_pagepublishing",
            "azurerm_servicebus_queue.sb_pagepublishing_queue"
          ]
        }
      ]
    },
    {
      "mode": "managed",
      "type": "azurerm_logic_app_workflow",
      "name": "logic_newsliker_de",
      "provider": "provider[\"registry.terraform.io/hashicorp/azurerm\"]",
      "instances": [
        {
          "schema_version": 0,
          "attributes": {
            "access_control": [],
            "access_endpoint": "https://prod2-09.switzerlandnorth.logic.azure.com:443/workflows/7d48376a80b94055b33ded41c35c9f02",
            "connector_endpoint_ip_addresses": [],
            "connector_outbound_ip_addresses": [
              "51.103.142.22",
              "51.107.86.217",
              "51.107.59.16/28",
              "51.107.60.224/27",
              "51.107.246.112/28",
              "51.107.246.128/27"
            ],
            "enabled": true,
            "id": "/subscriptions/bf408115-a9b5-49bf-a497-24112465a319/resourceGroups/redn-azd-dev3-rg/providers/Microsoft.Logic/workflows/redn-azd-dev3-newslikerde-lapp",
            "identity": [],
            "integration_service_environment_id": "",
            "location": "switzerlandnorth",
            "logic_app_integration_account_id": "",
            "name": "redn-azd-dev3-newslikerde-lapp",
            "parameters": null,
            "resource_group_name": "redn-azd-dev3-rg",
            "tags": {
              "AppID": "REDN",
              "Domain": "WCC",
              "FKID": "redn-base",
              "ITOwner": "DL_301823@mobi.ch",
              "Stage": "dev3",
              "TKID": "redn-base-iac",
              "TKTypeID": "iac"
            },
            "timeouts": null,
            "workflow_endpoint_ip_addresses": [
              "51.103.128.52",
              "51.103.132.236",
              "51.103.134.138",
              "51.103.136.209",
              "20.203.230.170",
              "20.203.227.226"
            ],
            "workflow_outbound_ip_addresses": [
              "51.103.137.79",
              "51.103.135.51",
              "51.103.139.122",
              "51.103.134.69",
              "51.103.138.96",
              "51.103.138.28",
              "51.103.136.37",
              "51.103.136.210",
              "20.203.230.58",
              "20.203.229.127",
              "20.203.224.37",
              "20.203.225.242"
            ],
            "workflow_parameters": null,
            "workflow_schema": "https://schema.management.azure.com/providers/Microsoft.Logic/schemas/2016-06-01/workflowdefinition.json#",
            "workflow_version": "1.0.0.0"
          },
          "sensitive_attributes": [],
          "private": "eyJlMmJmYjczMC1lY2FhLTExZTYtOGY4OC0zNDM2M2JjN2M0YzAiOnsiY3JlYXRlIjoxODAwMDAwMDAwMDAwLCJkZWxldGUiOjE4MDAwMDAwMDAwMDAsInJlYWQiOjMwMDAwMDAwMDAwMCwidXBkYXRlIjoxODAwMDAwMDAwMDAwfX0=",
          "dependencies": [
            "azurerm_resource_group.rg"
          ]
        }
      ]
    },
    {
      "mode": "managed",
      "type": "azurerm_logic_app_workflow",
      "name": "logic_newsliker_fr",
      "provider": "provider[\"registry.terraform.io/hashicorp/azurerm\"]",
      "instances": [
        {
          "schema_version": 0,
          "attributes": {
            "access_control": [],
            "access_endpoint": "https://prod2-26.switzerlandnorth.logic.azure.com:443/workflows/5353de76d9ac481696cbf2194978ffd1",
            "connector_endpoint_ip_addresses": [],
            "connector_outbound_ip_addresses": [
              "51.103.142.22",
              "51.107.86.217",
              "51.107.59.16/28",
              "51.107.60.224/27",
              "51.107.246.112/28",
              "51.107.246.128/27"
            ],
            "enabled": true,
            "id": "/subscriptions/bf408115-a9b5-49bf-a497-24112465a319/resourceGroups/redn-azd-dev3-rg/providers/Microsoft.Logic/workflows/redn-azd-dev3-newslikerfr-lapp",
            "identity": [],
            "integration_service_environment_id": "",
            "location": "switzerlandnorth",
            "logic_app_integration_account_id": "",
            "name": "redn-azd-dev3-newslikerfr-lapp",
            "parameters": null,
            "resource_group_name": "redn-azd-dev3-rg",
            "tags": {
              "AppID": "REDN",
              "Domain": "WCC",
              "FKID": "redn-base",
              "ITOwner": "DL_301823@mobi.ch",
              "Stage": "dev3",
              "TKID": "redn-base-iac",
              "TKTypeID": "iac"
            },
            "timeouts": null,
            "workflow_endpoint_ip_addresses": [
              "51.103.128.52",
              "51.103.132.236",
              "51.103.134.138",
              "51.103.136.209",
              "20.203.230.170",
              "20.203.227.226"
            ],
            "workflow_outbound_ip_addresses": [
              "51.103.137.79",
              "51.103.135.51",
              "51.103.139.122",
              "51.103.134.69",
              "51.103.138.96",
              "51.103.138.28",
              "51.103.136.37",
              "51.103.136.210",
              "20.203.230.58",
              "20.203.229.127",
              "20.203.224.37",
              "20.203.225.242"
            ],
            "workflow_parameters": null,
            "workflow_schema": "https://schema.management.azure.com/providers/Microsoft.Logic/schemas/2016-06-01/workflowdefinition.json#",
            "workflow_version": "1.0.0.0"
          },
          "sensitive_attributes": [],
          "private": "eyJlMmJmYjczMC1lY2FhLTExZTYtOGY4OC0zNDM2M2JjN2M0YzAiOnsiY3JlYXRlIjoxODAwMDAwMDAwMDAwLCJkZWxldGUiOjE4MDAwMDAwMDAwMDAsInJlYWQiOjMwMDAwMDAwMDAwMCwidXBkYXRlIjoxODAwMDAwMDAwMDAwfX0=",
          "dependencies": [
            "azurerm_resource_group.rg"
          ]
        }
      ]
    },
    {
      "mode": "managed",
      "type": "azurerm_logic_app_workflow",
      "name": "logic_newsliker_it",
      "provider": "provider[\"registry.terraform.io/hashicorp/azurerm\"]",
      "instances": [
        {
          "schema_version": 0,
          "attributes": {
            "access_control": [],
            "access_endpoint": "https://prod2-15.switzerlandnorth.logic.azure.com:443/workflows/595ed728185c4e9a9e3707d6b54e3c53",
            "connector_endpoint_ip_addresses": [],
            "connector_outbound_ip_addresses": [
              "51.103.142.22",
              "51.107.86.217",
              "51.107.59.16/28",
              "51.107.60.224/27",
              "51.107.246.112/28",
              "51.107.246.128/27"
            ],
            "enabled": true,
            "id": "/subscriptions/bf408115-a9b5-49bf-a497-24112465a319/resourceGroups/redn-azd-dev3-rg/providers/Microsoft.Logic/workflows/redn-azd-dev3-newslikerit-lapp",
            "identity": [],
            "integration_service_environment_id": "",
            "location": "switzerlandnorth",
            "logic_app_integration_account_id": "",
            "name": "redn-azd-dev3-newslikerit-lapp",
            "parameters": null,
            "resource_group_name": "redn-azd-dev3-rg",
            "tags": {
              "AppID": "REDN",
              "Domain": "WCC",
              "FKID": "redn-base",
              "ITOwner": "DL_301823@mobi.ch",
              "Stage": "dev3",
              "TKID": "redn-base-iac",
              "TKTypeID": "iac"
            },
            "timeouts": null,
            "workflow_endpoint_ip_addresses": [
              "51.103.128.52",
              "51.103.132.236",
              "51.103.134.138",
              "51.103.136.209",
              "20.203.230.170",
              "20.203.227.226"
            ],
            "workflow_outbound_ip_addresses": [
              "51.103.137.79",
              "51.103.135.51",
              "51.103.139.122",
              "51.103.134.69",
              "51.103.138.96",
              "51.103.138.28",
              "51.103.136.37",
              "51.103.136.210",
              "20.203.230.58",
              "20.203.229.127",
              "20.203.224.37",
              "20.203.225.242"
            ],
            "workflow_parameters": null,
            "workflow_schema": "https://schema.management.azure.com/providers/Microsoft.Logic/schemas/2016-06-01/workflowdefinition.json#",
            "workflow_version": "1.0.0.0"
          },
          "sensitive_attributes": [],
          "private": "eyJlMmJmYjczMC1lY2FhLTExZTYtOGY4OC0zNDM2M2JjN2M0YzAiOnsiY3JlYXRlIjoxODAwMDAwMDAwMDAwLCJkZWxldGUiOjE4MDAwMDAwMDAwMDAsInJlYWQiOjMwMDAwMDAwMDAwMCwidXBkYXRlIjoxODAwMDAwMDAwMDAwfX0=",
          "dependencies": [
            "azurerm_resource_group.rg"
          ]
        }
      ]
    },
    {
      "mode": "managed",
      "type": "azurerm_logic_app_workflow",
      "name": "logic_newswatcher_fr",
      "provider": "provider[\"registry.terraform.io/hashicorp/azurerm\"]",
      "instances": [
        {
          "schema_version": 0,
          "attributes": {
            "access_control": [],
            "access_endpoint": "https://prod2-04.switzerlandnorth.logic.azure.com:443/workflows/8a396fa9ad3947d29345b710101808d2",
            "connector_endpoint_ip_addresses": [],
            "connector_outbound_ip_addresses": [
              "51.103.142.22",
              "51.107.86.217",
              "51.107.59.16/28",
              "51.107.60.224/27",
              "51.107.246.112/28",
              "51.107.246.128/27"
            ],
            "enabled": true,
            "id": "/subscriptions/bf408115-a9b5-49bf-a497-24112465a319/resourceGroups/redn-azd-dev3-rg/providers/Microsoft.Logic/workflows/redn-azd-dev3-newswatcherfr-lapp",
            "identity": [],
            "integration_service_environment_id": "",
            "location": "switzerlandnorth",
            "logic_app_integration_account_id": "",
            "name": "redn-azd-dev3-newswatcherfr-lapp",
            "parameters": null,
            "resource_group_name": "redn-azd-dev3-rg",
            "tags": {
              "AppID": "REDN",
              "Domain": "WCC",
              "FKID": "redn-base",
              "ITOwner": "DL_301823@mobi.ch",
              "Stage": "dev3",
              "TKID": "redn-base-iac",
              "TKTypeID": "iac"
            },
            "timeouts": null,
            "workflow_endpoint_ip_addresses": [
              "51.103.128.52",
              "51.103.132.236",
              "51.103.134.138",
              "51.103.136.209",
              "20.203.230.170",
              "20.203.227.226"
            ],
            "workflow_outbound_ip_addresses": [
              "51.103.137.79",
              "51.103.135.51",
              "51.103.139.122",
              "51.103.134.69",
              "51.103.138.96",
              "51.103.138.28",
              "51.103.136.37",
              "51.103.136.210",
              "20.203.230.58",
              "20.203.229.127",
              "20.203.224.37",
              "20.203.225.242"
            ],
            "workflow_parameters": null,
            "workflow_schema": "https://schema.management.azure.com/providers/Microsoft.Logic/schemas/2016-06-01/workflowdefinition.json#",
            "workflow_version": "1.0.0.0"
          },
          "sensitive_attributes": [],
          "private": "eyJlMmJmYjczMC1lY2FhLTExZTYtOGY4OC0zNDM2M2JjN2M0YzAiOnsiY3JlYXRlIjoxODAwMDAwMDAwMDAwLCJkZWxldGUiOjE4MDAwMDAwMDAwMDAsInJlYWQiOjMwMDAwMDAwMDAwMCwidXBkYXRlIjoxODAwMDAwMDAwMDAwfX0=",
          "dependencies": [
            "azurerm_resource_group.rg"
          ]
        }
      ]
    },
    {
      "mode": "managed",
      "type": "azurerm_logic_app_workflow",
      "name": "logic_newswatcher_it",
      "provider": "provider[\"registry.terraform.io/hashicorp/azurerm\"]",
      "instances": [
        {
          "schema_version": 0,
          "attributes": {
            "access_control": [],
            "access_endpoint": "https://prod2-12.switzerlandnorth.logic.azure.com:443/workflows/77d166ce04734f7d97e9e809cd4d4214",
            "connector_endpoint_ip_addresses": [],
            "connector_outbound_ip_addresses": [
              "51.103.142.22",
              "51.107.86.217",
              "51.107.59.16/28",
              "51.107.60.224/27",
              "51.107.246.112/28",
              "51.107.246.128/27"
            ],
            "enabled": true,
            "id": "/subscriptions/bf408115-a9b5-49bf-a497-24112465a319/resourceGroups/redn-azd-dev3-rg/providers/Microsoft.Logic/workflows/redn-azd-dev3-newswatcherit-lapp",
            "identity": [],
            "integration_service_environment_id": "",
            "location": "switzerlandnorth",
            "logic_app_integration_account_id": "",
            "name": "redn-azd-dev3-newswatcherit-lapp",
            "parameters": null,
            "resource_group_name": "redn-azd-dev3-rg",
            "tags": {
              "AppID": "REDN",
              "Domain": "WCC",
              "FKID": "redn-base",
              "ITOwner": "DL_301823@mobi.ch",
              "Stage": "dev3",
              "TKID": "redn-base-iac",
              "TKTypeID": "iac"
            },
            "timeouts": null,
            "workflow_endpoint_ip_addresses": [
              "51.103.128.52",
              "51.103.132.236",
              "51.103.134.138",
              "51.103.136.209",
              "20.203.230.170",
              "20.203.227.226"
            ],
            "workflow_outbound_ip_addresses": [
              "51.103.137.79",
              "51.103.135.51",
              "51.103.139.122",
              "51.103.134.69",
              "51.103.138.96",
              "51.103.138.28",
              "51.103.136.37",
              "51.103.136.210",
              "20.203.230.58",
              "20.203.229.127",
              "20.203.224.37",
              "20.203.225.242"
            ],
            "workflow_parameters": null,
            "workflow_schema": "https://schema.management.azure.com/providers/Microsoft.Logic/schemas/2016-06-01/workflowdefinition.json#",
            "workflow_version": "1.0.0.0"
          },
          "sensitive_attributes": [],
          "private": "eyJlMmJmYjczMC1lY2FhLTExZTYtOGY4OC0zNDM2M2JjN2M0YzAiOnsiY3JlYXRlIjoxODAwMDAwMDAwMDAwLCJkZWxldGUiOjE4MDAwMDAwMDAwMDAsInJlYWQiOjMwMDAwMDAwMDAwMCwidXBkYXRlIjoxODAwMDAwMDAwMDAwfX0=",
          "dependencies": [
            "azurerm_resource_group.rg"
          ]
        }
      ]
    },
    {
      "mode": "managed",
      "type": "azurerm_resource_group",
      "name": "rg",
      "provider": "provider[\"registry.terraform.io/hashicorp/azurerm\"]",
      "instances": [
        {
          "schema_version": 0,
          "attributes": {
            "id": "/subscriptions/bf408115-a9b5-49bf-a497-24112465a319/resourceGroups/redn-azd-dev3-rg",
            "location": "switzerlandnorth",
            "managed_by": "",
            "name": "redn-azd-dev3-rg",
            "tags": {
              "AppID": "REDN",
              "Domain": "WCC",
              "FKID": "redn-base",
              "ITOwner": "DL_301823@mobi.ch",
              "Stage": "dev3",
              "TKID": "redn-base-iac",
              "TKTypeID": "iac"
            },
            "timeouts": null
          },
          "sensitive_attributes": [],
          "private": "eyJlMmJmYjczMC1lY2FhLTExZTYtOGY4OC0zNDM2M2JjN2M0YzAiOnsiY3JlYXRlIjo1NDAwMDAwMDAwMDAwLCJkZWxldGUiOjU0MDAwMDAwMDAwMDAsInJlYWQiOjMwMDAwMDAwMDAwMCwidXBkYXRlIjo1NDAwMDAwMDAwMDAwfX0="
        }
      ]
    },
    {
      "mode": "managed",
      "type": "azurerm_service_plan",
      "name": "plan_linux",
      "provider": "provider[\"registry.terraform.io/hashicorp/azurerm\"]",
      "instances": [
        {
          "schema_version": 1,
          "attributes": {
            "app_service_environment_id": "",
            "id": "/subscriptions/bf408115-a9b5-49bf-a497-24112465a319/resourceGroups/redn-azd-dev3-rg/providers/Microsoft.Web/serverFarms/redn-azd-dev3-splan",
            "kind": "linux",
            "location": "switzerlandnorth",
            "maximum_elastic_worker_count": 1,
            "name": "redn-azd-dev3-splan",
            "os_type": "Linux",
            "per_site_scaling_enabled": false,
            "reserved": true,
            "resource_group_name": "redn-azd-dev3-rg",
            "sku_name": "P1v2",
            "tags": {
              "AppID": "REDN",
              "Domain": "WCC",
              "FKID": "redn-base",
              "ITOwner": "DL_301823@mobi.ch",
              "Stage": "dev3",
              "TKID": "redn-base-iac",
              "TKTypeID": "iac"
            },
            "timeouts": null,
            "worker_count": 1,
            "zone_balancing_enabled": false
          },
          "sensitive_attributes": [],
          "private": "eyJlMmJmYjczMC1lY2FhLTExZTYtOGY4OC0zNDM2M2JjN2M0YzAiOnsiY3JlYXRlIjozNjAwMDAwMDAwMDAwLCJkZWxldGUiOjM2MDAwMDAwMDAwMDAsInJlYWQiOjMwMDAwMDAwMDAwMCwidXBkYXRlIjozNjAwMDAwMDAwMDAwfSwic2NoZW1hX3ZlcnNpb24iOiIxIn0=",
          "dependencies": [
            "azurerm_resource_group.rg"
          ]
        }
      ]
    },
    {
      "mode": "managed",
      "type": "azurerm_servicebus_namespace",
      "name": "sb_pagepublishing",
      "provider": "provider[\"registry.terraform.io/hashicorp/azurerm\"]",
      "instances": [
        {
          "schema_version": 1,
          "attributes": {
            "capacity": 0,
            "customer_managed_key": [],
            "default_primary_connection_string": "Endpoint=sb://redn-azd-dev3-bus.servicebus.windows.net/;SharedAccessKeyName=RootManageSharedAccessKey;SharedAccessKey=S8ku0VK8cPKpzj4f9zBOkSES7jnE2iZkW+ASbMprvM8=",
            "default_primary_key": "S8ku0VK8cPKpzj4f9zBOkSES7jnE2iZkW+ASbMprvM8=",
            "default_secondary_connection_string": "Endpoint=sb://redn-azd-dev3-bus.servicebus.windows.net/;SharedAccessKeyName=RootManageSharedAccessKey;SharedAccessKey=WidnVHQx2L+7kmkrtALwqtagJeut6GbRe+ASbNK3AGc=",
            "default_secondary_key": "WidnVHQx2L+7kmkrtALwqtagJeut6GbRe+ASbNK3AGc=",
            "endpoint": "https://redn-azd-dev3-bus.servicebus.windows.net:443/",
            "id": "/subscriptions/bf408115-a9b5-49bf-a497-24112465a319/resourceGroups/redn-azd-dev3-rg/providers/Microsoft.ServiceBus/namespaces/redn-azd-dev3-bus",
            "identity": [],
            "local_auth_enabled": true,
            "location": "switzerlandnorth",
            "minimum_tls_version": "1.2",
            "name": "redn-azd-dev3-bus",
            "network_rule_set": [
              {
                "default_action": "Allow",
                "ip_rules": [],
                "network_rules": [],
                "public_network_access_enabled": true,
                "trusted_services_allowed": false
              }
            ],
            "premium_messaging_partitions": 0,
            "public_network_access_enabled": true,
            "resource_group_name": "redn-azd-dev3-rg",
            "sku": "Basic",
            "tags": {
              "AppID": "REDN",
              "Domain": "WCC",
              "FKID": "redn-base",
              "ITOwner": "DL_301823@mobi.ch",
              "Stage": "dev3",
              "TKID": "redn-base-iac",
              "TKTypeID": "iac"
            },
            "timeouts": null,
            "zone_redundant": false
          },
          "sensitive_attributes": [
            [
              {
                "type": "get_attr",
                "value": "default_secondary_connection_string"
              }
            ],
            [
              {
                "type": "get_attr",
                "value": "default_secondary_key"
              }
            ],
            [
              {
                "type": "get_attr",
                "value": "default_primary_connection_string"
              }
            ],
            [
              {
                "type": "get_attr",
                "value": "default_primary_key"
              }
            ]
          ],
          "private": "eyJlMmJmYjczMC1lY2FhLTExZTYtOGY4OC0zNDM2M2JjN2M0YzAiOnsiY3JlYXRlIjoxODAwMDAwMDAwMDAwLCJkZWxldGUiOjE4MDAwMDAwMDAwMDAsInJlYWQiOjMwMDAwMDAwMDAwMCwidXBkYXRlIjoxODAwMDAwMDAwMDAwfSwic2NoZW1hX3ZlcnNpb24iOiIxIn0=",
          "dependencies": [
            "azurerm_resource_group.rg"
          ]
        }
      ]
    },
    {
      "mode": "managed",
      "type": "azurerm_servicebus_queue",
      "name": "sb_pagepublishing_queue",
      "provider": "provider[\"registry.terraform.io/hashicorp/azurerm\"]",
      "instances": [
        {
          "schema_version": 0,
          "attributes": {
            "auto_delete_on_idle": "P10675199DT2H48M5.4775807S",
            "dead_lettering_on_message_expiration": false,
            "default_message_ttl": "P14D",
            "duplicate_detection_history_time_window": "PT10M",
            "enable_batched_operations": true,
            "enable_express": false,
            "enable_partitioning": false,
            "forward_dead_lettered_messages_to": "",
            "forward_to": "",
            "id": "/subscriptions/bf408115-a9b5-49bf-a497-24112465a319/resourceGroups/redn-azd-dev3-rg/providers/Microsoft.ServiceBus/namespaces/redn-azd-dev3-bus/queues/news",
            "lock_duration": "PT30S",
            "max_delivery_count": 10,
            "max_message_size_in_kilobytes": 256,
            "max_size_in_megabytes": 1024,
            "name": "news",
            "namespace_id": "/subscriptions/bf408115-a9b5-49bf-a497-24112465a319/resourceGroups/redn-azd-dev3-rg/providers/Microsoft.ServiceBus/namespaces/redn-azd-dev3-bus",
            "requires_duplicate_detection": false,
            "requires_session": false,
            "status": "Active",
            "timeouts": null
          },
          "sensitive_attributes": [],
          "private": "eyJlMmJmYjczMC1lY2FhLTExZTYtOGY4OC0zNDM2M2JjN2M0YzAiOnsiY3JlYXRlIjoxODAwMDAwMDAwMDAwLCJkZWxldGUiOjE4MDAwMDAwMDAwMDAsInJlYWQiOjMwMDAwMDAwMDAwMCwidXBkYXRlIjoxODAwMDAwMDAwMDAwfX0=",
          "dependencies": [
            "azurerm_resource_group.rg",
            "azurerm_servicebus_namespace.sb_pagepublishing"
          ]
        }
      ]
    }
  ],
  "check_results": null
}
